github.com/GianlucaP106/gotmux v0.5.0 h1:kpZsrBPtJFjAvVRfeLwm8cE+7yr4NiMPEaYsTKYGwP8=
github.com/GianlucaP106/gotmux v0.5.0/go.mod h1:qOsZ+exnCbgv3KJ84VaBo4Q7mXs/W23CW4fyoXAgKe4=
github.com/pelletier/go-toml/v2 v2.2.4 h1:mye9XuhQ6gvn5h28+VilKrrPoQVanw5PMw/TB0t5Ec4=
github.com/pelletier/go-toml/v2 v2.2.4/go.mod h1:2gIqNv+qfxSVS7cM2xJQKtLSTLUE9V8t9Stt+h56mCY=
