github.com/pelletier/go-toml/v2 v2.2.4 h1:mye9XuhQ6gvn5h28+VilKrrPoQVanw5PMw/TB0t5Ec4=
github.com/pelletier/go-toml/v2 v2.2.4/go.mod h1:2gIqNv+qfxSVS7cM2xJQKtLSTLUE9V8t9Stt+h56mCY=
github.com/salfel/gotmux v0.0.0-20250613221915-bfd8a6bd5f2c h1:K0y3KxJL687KPQTAqLhkwwu1cWnkBNWc3gHeyxNP1Ec=
github.com/salfel/gotmux v0.0.0-20250613221915-bfd8a6bd5f2c/go.mod h1:qOsZ+exnCbgv3KJ84VaBo4Q7mXs/W23CW4fyoXAgKe4=
